
Microsoft Visual Studio Solution File, Format Version 12.00
# Visual Studio Version 16
VisualStudioVersion = 16.0.29806.167
MinimumVisualStudioVersion = 10.0.40219.1
Project("{FAE04EC0-301F-11D3-BF4B-00C04F79EFBC}") = "WebApplication1", "WebApplication1.csproj", "{B64FE1D7-C56D-4618-85FA-079EFD5F943B}"
EndProject
Global
	GlobalSection(SolutionConfigurationPlatforms) = preSolution
		Debug|Any CPU = Debug|Any CPU
		Release|Any CPU = Release|Any CPU
	EndGlobalSection
	GlobalSection(ProjectConfigurationPlatforms) = postSolution
		{B64FE1D7-C56D-4618-85FA-079EFD5F943B}.Debug|Any CPU.ActiveCfg = Debug|Any CPU
		{B64FE1D7-C56D-4618-85FA-079EFD5F943B}.Debug|Any CPU.Build.0 = Debug|Any CPU
		{B64FE1D7-C56D-4618-85FA-079EFD5F943B}.Release|Any CPU.ActiveCfg = Release|Any CPU
		{B64FE1D7-C56D-4618-85FA-079EFD5F943B}.Release|Any CPU.Build.0 = Release|Any CPU
	EndGlobalSection
	GlobalSection(SolutionProperties) = preSolution
		HideSolutionNode = FALSE
	EndGlobalSection
	GlobalSection(ExtensibilityGlobals) = postSolution
		SolutionGuid = {BA0F3E6B-7D41-4470-ACC8-4A475A4D10FD}
	EndGlobalSection
EndGlobal
